# This file is automatically @generated by Cargo.
# It is not intended for manual editing.
[[package]]
name = "dependency"
version = "0.1.0"

[[package]]
name = "no_extern"
version = "0.1.0"

[[package]]
name = "old_dep_name"
version = "0.1.0"
dependencies = [
 "no_extern",
]

[[package]]
name = "rename_crate"
version = "0.1.0"
dependencies = [
 "dependency",
 "old_dep_name",
]
