# This file is automatically @generated by Cargo.
# It is not intended for manual editing.
[[package]]
name = "dependency"
version = "0.1.0"

[[package]]
name = "old-dep-name"
version = "0.1.0"

[[package]]
name = "rename-crate"
version = "0.1.0"
dependencies = [
 "dependency 0.1.0",
 "old-dep-name 0.1.0",
]

