# This file is automatically @generated by Cargo.
# It is not intended for manual editing.
version = 3

[[package]]
name = "dep"
version = "0.1.0"

[[package]]
name = "expand-dep"
version = "0.1.0"
dependencies = [
 "dep",
]

[[package]]
name = "expand-dep-2"
version = "0.2.0"
dependencies = [
 "expand-dep",
 "expand-dep-2-dep-2",
]

[[package]]
name = "expand-dep-2-dep-2"
version = "0.2.0"
